// !$*UTF8*$!
{
	archiveVersion = 1;
	classes = {
	};
	objectVersion = 46;
	objects = {

/* Begin PBXBuildFile section */
		4608591A182CD97D00FB05DD /* TourProjectListViewController.m in Sources */ = {isa = PBXBuildFile; fileRef = 46085919182CD97D00FB05DD /* TourProjectListViewController.m */; };
		4608591D182CDABF00FB05DD /* TourPlanListViewController.m in Sources */ = {isa = PBXBuildFile; fileRef = 4608591C182CDABF00FB05DD /* TourPlanListViewController.m */; };
		46085920182CDCCC00FB05DD /* TourPlanDetailViewController.m in Sources */ = {isa = PBXBuildFile; fileRef = 4608591F182CDCCC00FB05DD /* TourPlanDetailViewController.m */; };
		463E28CF17ED7BC200A50BF8 /* Category+DianPing.m in Sources */ = {isa = PBXBuildFile; fileRef = 463E28CE17ED7BC200A50BF8 /* Category+DianPing.m */; };
		463E28D217ED7EE200A50BF8 /* Region+DianPing.m in Sources */ = {isa = PBXBuildFile; fileRef = 463E28D117ED7EE200A50BF8 /* Region+DianPing.m */; };
		463E28D517ED808800A50BF8 /* Deal+DianPing.m in Sources */ = {isa = PBXBuildFile; fileRef = 463E28D417ED808800A50BF8 /* Deal+DianPing.m */; };
		463E28D717ED8E3200A50BF8 /* MAMapKit.framework in Frameworks */ = {isa = PBXBuildFile; fileRef = 463E28D617ED8E3200A50BF8 /* MAMapKit.framework */; };
		463E28D917ED8E9E00A50BF8 /* libstdc++.6.0.9.dylib in Frameworks */ = {isa = PBXBuildFile; fileRef = 463E28D817ED8E9E00A50BF8 /* libstdc++.6.0.9.dylib */; };
		463E28DB17ED8F0500A50BF8 /* AMap.bundle in Resources */ = {isa = PBXBuildFile; fileRef = 463E28DA17ED8F0500A50BF8 /* AMap.bundle */; };
		463E28DD17ED8F5500A50BF8 /* AMapSearchKit.framework in Frameworks */ = {isa = PBXBuildFile; fileRef = 463E28DC17ED8F5500A50BF8 /* AMapSearchKit.framework */; };
		464E758D182C81790033DF7D /* BrowseProjectListViewController.m in Sources */ = {isa = PBXBuildFile; fileRef = 464E758C182C81790033DF7D /* BrowseProjectListViewController.m */; };
		464E7590182C81930033DF7D /* PlanProjectListViewController.m in Sources */ = {isa = PBXBuildFile; fileRef = 464E758F182C81930033DF7D /* PlanProjectListViewController.m */; };
		464E7593182C8E0D0033DF7D /* BrowsePlanListViewController.m in Sources */ = {isa = PBXBuildFile; fileRef = 464E7592182C8E0D0033DF7D /* BrowsePlanListViewController.m */; };
		464E7596182C90B50033DF7D /* BrowsePlanDetialViewController.m in Sources */ = {isa = PBXBuildFile; fileRef = 464E7595182C90B50033DF7D /* BrowsePlanDetialViewController.m */; };
		464E7599182CA5750033DF7D /* PlanPlanListViewController.m in Sources */ = {isa = PBXBuildFile; fileRef = 464E7598182CA5750033DF7D /* PlanPlanListViewController.m */; };
		464E759C182CBDF10033DF7D /* PlanPlanDetailViewController.m in Sources */ = {isa = PBXBuildFile; fileRef = 464E759B182CBDF10033DF7D /* PlanPlanDetailViewController.m */; };
		465633AC17C9AE0C007A2E4A /* Storyboard.storyboard in Resources */ = {isa = PBXBuildFile; fileRef = 465633AB17C9AE0C007A2E4A /* Storyboard.storyboard */; };
		46650B2017D869AE000464B5 /* BrowseWebViewController.m in Sources */ = {isa = PBXBuildFile; fileRef = 46650B1F17D869AE000464B5 /* BrowseWebViewController.m */; };
		46650B3017D870EA000464B5 /* MBProgressHUD.m in Sources */ = {isa = PBXBuildFile; fileRef = 46650B2F17D870EA000464B5 /* MBProgressHUD.m */; };
		46650B3417D87FB8000464B5 /* BaseProjectListViewController.m in Sources */ = {isa = PBXBuildFile; fileRef = 46650B3317D87FB8000464B5 /* BaseProjectListViewController.m */; };
		466853C5182F238C004A1C9A /* dot.png in Resources */ = {isa = PBXBuildFile; fileRef = 466853C3182F238C004A1C9A /* dot.png */; };
		466853C6182F238C004A1C9A /* dot@2x.png in Resources */ = {isa = PBXBuildFile; fileRef = 466853C4182F238C004A1C9A /* dot@2x.png */; };
		466853CC182F25EB004A1C9A /* UIImage+DPAnnotation.m in Sources */ = {isa = PBXBuildFile; fileRef = 466853CB182F25EB004A1C9A /* UIImage+DPAnnotation.m */; };
		466A269517E57AE200F7AFB1 /* Model.xcdatamodeld in Sources */ = {isa = PBXBuildFile; fileRef = 466A269317E57AE200F7AFB1 /* Model.xcdatamodeld */; };
		466C32F7181529EB00738DA1 /* tablet_icon_menu_default@2x.png in Resources */ = {isa = PBXBuildFile; fileRef = 466C32F6181529EB00738DA1 /* tablet_icon_menu_default@2x.png */; };
		466C32F9181529F400738DA1 /* tablet_icon_menu_default.png in Resources */ = {isa = PBXBuildFile; fileRef = 466C32F8181529F400738DA1 /* tablet_icon_menu_default.png */; };
		46712F5817D30F1400516121 /* BrowsePoiCell.m in Sources */ = {isa = PBXBuildFile; fileRef = 46712F5717D30F1400516121 /* BrowsePoiCell.m */; };
		46712F6217D327C700516121 /* PoiDefaultIcon.png in Resources */ = {isa = PBXBuildFile; fileRef = 46712F6117D327C700516121 /* PoiDefaultIcon.png */; };
		46712F6517D3283100516121 /* ImageCacheCenter.m in Sources */ = {isa = PBXBuildFile; fileRef = 46712F6417D3283100516121 /* ImageCacheCenter.m */; };
		4672B05C182B6A4400CE5AA5 /* Utils.m in Sources */ = {isa = PBXBuildFile; fileRef = 4672B05B182B6A4400CE5AA5 /* Utils.m */; };
		4672B07C182B954700CE5AA5 /* TourMapViewController.mm in Sources */ = {isa = PBXBuildFile; fileRef = 4672B07B182B954700CE5AA5 /* TourMapViewController.mm */; };
		467AD3E817E4000C001B3C97 /* MoreListViewController.m in Sources */ = {isa = PBXBuildFile; fileRef = 467AD3E717E4000C001B3C97 /* MoreListViewController.m */; };
		467BB2961813BBBA00B23004 /* User.m in Sources */ = {isa = PBXBuildFile; fileRef = 467BB2951813BBBA00B23004 /* User.m */; };
		467BB2991813BBBB00B23004 /* TravelPlan.m in Sources */ = {isa = PBXBuildFile; fileRef = 467BB2981813BBBB00B23004 /* TravelPlan.m */; };
		467BB29C1813BBBB00B23004 /* Poi.m in Sources */ = {isa = PBXBuildFile; fileRef = 467BB29B1813BBBB00B23004 /* Poi.m */; };
		467BB29F1813BBBB00B23004 /* Category.m in Sources */ = {isa = PBXBuildFile; fileRef = 467BB29E1813BBBB00B23004 /* Category.m */; };
		467BB2A21813BBBB00B23004 /* Transportation.m in Sources */ = {isa = PBXBuildFile; fileRef = 467BB2A11813BBBB00B23004 /* Transportation.m */; };
		467BB2A51813BBBB00B23004 /* Deal.m in Sources */ = {isa = PBXBuildFile; fileRef = 467BB2A41813BBBB00B23004 /* Deal.m */; };
		467BB2A81813BBBB00B23004 /* TravelProject.m in Sources */ = {isa = PBXBuildFile; fileRef = 467BB2A71813BBBB00B23004 /* TravelProject.m */; };
		467BB2AB1813BBBB00B23004 /* Region.m in Sources */ = {isa = PBXBuildFile; fileRef = 467BB2AA1813BBBB00B23004 /* Region.m */; };
		467BB2AE1813C99E00B23004 /* BasePlanDetailViewController.m in Sources */ = {isa = PBXBuildFile; fileRef = 467BB2AD1813C99E00B23004 /* BasePlanDetailViewController.m */; };
		467F786B181228B300130FBC /* UserManager.m in Sources */ = {isa = PBXBuildFile; fileRef = 467F786A181228B300130FBC /* UserManager.m */; };
		467F786F18122B9100130FBC /* User+DianPing.m in Sources */ = {isa = PBXBuildFile; fileRef = 467F786E18122B9100130FBC /* User+DianPing.m */; };
		467F789618123EA500130FBC /* BasePlanListViewController.m in Sources */ = {isa = PBXBuildFile; fileRef = 467F789518123EA500130FBC /* BasePlanListViewController.m */; };
		4680AC5A17D1ACFB00861866 /* BrowseRootViewController.m in Sources */ = {isa = PBXBuildFile; fileRef = 4680AC5917D1ACFB00861866 /* BrowseRootViewController.m */; };
		4680AC5D17D1B9F900861866 /* BrowseTableViewController.m in Sources */ = {isa = PBXBuildFile; fileRef = 4680AC5C17D1B9F900861866 /* BrowseTableViewController.m */; };
		4680ACB517D1EB7400861866 /* PoiStream.m in Sources */ = {isa = PBXBuildFile; fileRef = 4680ACB417D1EB7400861866 /* PoiStream.m */; };
		4682BD7C17E83911000BAE11 /* Poi+DianPing.m in Sources */ = {isa = PBXBuildFile; fileRef = 4682BD7B17E83911000BAE11 /* Poi+DianPing.m */; };
		4682BDEA17E84486000BAE11 /* CoreData.framework in Frameworks */ = {isa = PBXBuildFile; fileRef = 4682BDE917E84486000BAE11 /* CoreData.framework */; };
		4693445B17B377E500F8090A /* AnnotationButton.m in Sources */ = {isa = PBXBuildFile; fileRef = 4693445A17B377E500F8090A /* AnnotationButton.m */; };
		4693445E17B37F2B00F8090A /* tablet_icon_selected_arrow.png in Resources */ = {isa = PBXBuildFile; fileRef = 4693445C17B37F2B00F8090A /* tablet_icon_selected_arrow.png */; };
		4693445F17B37F2B00F8090A /* tablet_icon_selected_arrow@2x.png in Resources */ = {isa = PBXBuildFile; fileRef = 4693445D17B37F2B00F8090A /* tablet_icon_selected_arrow@2x.png */; };
		4693446D17B39A4000F8090A /* DPPoiAnnotation.m in Sources */ = {isa = PBXBuildFile; fileRef = 4693446C17B39A3F00F8090A /* DPPoiAnnotation.m */; };
		46969434182DE3520097707B /* PoiPair.m in Sources */ = {isa = PBXBuildFile; fileRef = 46969433182DE3520097707B /* PoiPair.m */; };
		469FA77917B0D5B300B34DD8 /* UIKit.framework in Frameworks */ = {isa = PBXBuildFile; fileRef = 469FA77817B0D5B300B34DD8 /* UIKit.framework */; };
		469FA77B17B0D5B300B34DD8 /* Foundation.framework in Frameworks */ = {isa = PBXBuildFile; fileRef = 469FA77A17B0D5B300B34DD8 /* Foundation.framework */; };
		469FA77D17B0D5B300B34DD8 /* CoreGraphics.framework in Frameworks */ = {isa = PBXBuildFile; fileRef = 469FA77C17B0D5B300B34DD8 /* CoreGraphics.framework */; };
		469FA78317B0D5B300B34DD8 /* InfoPlist.strings in Resources */ = {isa = PBXBuildFile; fileRef = 469FA78117B0D5B300B34DD8 /* InfoPlist.strings */; };
		469FA78517B0D5B300B34DD8 /* main.m in Sources */ = {isa = PBXBuildFile; fileRef = 469FA78417B0D5B300B34DD8 /* main.m */; };
		469FA78917B0D5B300B34DD8 /* AppDelegate.mm in Sources */ = {isa = PBXBuildFile; fileRef = 469FA78817B0D5B300B34DD8 /* AppDelegate.mm */; };
		469FA78B17B0D5B300B34DD8 /* Default.png in Resources */ = {isa = PBXBuildFile; fileRef = 469FA78A17B0D5B300B34DD8 /* Default.png */; };
		469FA78D17B0D5B300B34DD8 /* Default@2x.png in Resources */ = {isa = PBXBuildFile; fileRef = 469FA78C17B0D5B300B34DD8 /* Default@2x.png */; };
		469FA78F17B0D5B300B34DD8 /* Default-568h@2x.png in Resources */ = {isa = PBXBuildFile; fileRef = 469FA78E17B0D5B300B34DD8 /* Default-568h@2x.png */; };
		469FA79217B0D5B300B34DD8 /* BrowseMapViewController.m in Sources */ = {isa = PBXBuildFile; fileRef = 469FA79117B0D5B300B34DD8 /* BrowseMapViewController.m */; };
		469FA79D17B0D5B300B34DD8 /* SenTestingKit.framework in Frameworks */ = {isa = PBXBuildFile; fileRef = 469FA79C17B0D5B300B34DD8 /* SenTestingKit.framework */; };
		469FA79E17B0D5B300B34DD8 /* UIKit.framework in Frameworks */ = {isa = PBXBuildFile; fileRef = 469FA77817B0D5B300B34DD8 /* UIKit.framework */; };
		469FA79F17B0D5B300B34DD8 /* Foundation.framework in Frameworks */ = {isa = PBXBuildFile; fileRef = 469FA77A17B0D5B300B34DD8 /* Foundation.framework */; };
		469FA7A717B0D5B300B34DD8 /* InfoPlist.strings in Resources */ = {isa = PBXBuildFile; fileRef = 469FA7A517B0D5B300B34DD8 /* InfoPlist.strings */; };
		469FA7AA17B0D5B400B34DD8 /* RecommenderTests.m in Sources */ = {isa = PBXBuildFile; fileRef = 469FA7A917B0D5B400B34DD8 /* RecommenderTests.m */; };
		469FA7B417B0D61200B34DD8 /* libz.dylib in Frameworks */ = {isa = PBXBuildFile; fileRef = 469FA7B317B0D61200B34DD8 /* libz.dylib */; };
		469FA7B617B0D61900B34DD8 /* SystemConfiguration.framework in Frameworks */ = {isa = PBXBuildFile; fileRef = 469FA7B517B0D61900B34DD8 /* SystemConfiguration.framework */; };
		469FA7B817B0D62000B34DD8 /* CoreTelephony.framework in Frameworks */ = {isa = PBXBuildFile; fileRef = 469FA7B717B0D62000B34DD8 /* CoreTelephony.framework */; };
		469FA7BA17B0D62700B34DD8 /* CoreLocation.framework in Frameworks */ = {isa = PBXBuildFile; fileRef = 469FA7B917B0D62700B34DD8 /* CoreLocation.framework */; };
		469FA7BC17B0D62F00B34DD8 /* OpenGLES.framework in Frameworks */ = {isa = PBXBuildFile; fileRef = 469FA7BB17B0D62F00B34DD8 /* OpenGLES.framework */; };
		469FA7BE17B0D63700B34DD8 /* QuartzCore.framework in Frameworks */ = {isa = PBXBuildFile; fileRef = 469FA7BD17B0D63700B34DD8 /* QuartzCore.framework */; };
		469FA80517B0E3E500B34DD8 /* NSData+MKBase64.m in Sources */ = {isa = PBXBuildFile; fileRef = 469FA7F117B0E3E500B34DD8 /* NSData+MKBase64.m */; };
		469FA80617B0E3E500B34DD8 /* NSDate+RFC1123.m in Sources */ = {isa = PBXBuildFile; fileRef = 469FA7F317B0E3E500B34DD8 /* NSDate+RFC1123.m */; };
		469FA80717B0E3E500B34DD8 /* NSDictionary+RequestEncoding.m in Sources */ = {isa = PBXBuildFile; fileRef = 469FA7F517B0E3E500B34DD8 /* NSDictionary+RequestEncoding.m */; };
		469FA80817B0E3E500B34DD8 /* NSString+MKNetworkKitAdditions.m in Sources */ = {isa = PBXBuildFile; fileRef = 469FA7F717B0E3E500B34DD8 /* NSString+MKNetworkKitAdditions.m */; };
		469FA80917B0E3E500B34DD8 /* UIAlertView+MKNetworkKitAdditions.m in Sources */ = {isa = PBXBuildFile; fileRef = 469FA7F917B0E3E500B34DD8 /* UIAlertView+MKNetworkKitAdditions.m */; };
		469FA80A17B0E3E500B34DD8 /* UIImageView+MKNetworkKitAdditions.m in Sources */ = {isa = PBXBuildFile; fileRef = 469FA7FB17B0E3E500B34DD8 /* UIImageView+MKNetworkKitAdditions.m */; };
		469FA80B17B0E3E500B34DD8 /* MKNetworkEngine.m in Sources */ = {isa = PBXBuildFile; fileRef = 469FA7FD17B0E3E500B34DD8 /* MKNetworkEngine.m */; };
		469FA80C17B0E3E500B34DD8 /* MKNetworkOperation.m in Sources */ = {isa = PBXBuildFile; fileRef = 469FA80017B0E3E500B34DD8 /* MKNetworkOperation.m */; };
		469FA80D17B0E3E500B34DD8 /* Reachability.m in Sources */ = {isa = PBXBuildFile; fileRef = 469FA80317B0E3E500B34DD8 /* Reachability.m */; };
		469FA80F17B0E40100B34DD8 /* CFNetwork.framework in Frameworks */ = {isa = PBXBuildFile; fileRef = 469FA80E17B0E40100B34DD8 /* CFNetwork.framework */; };
		469FA81117B0E40B00B34DD8 /* Security.framework in Frameworks */ = {isa = PBXBuildFile; fileRef = 469FA81017B0E40B00B34DD8 /* Security.framework */; };
		469FA81317B0E41300B34DD8 /* ImageIO.framework in Frameworks */ = {isa = PBXBuildFile; fileRef = 469FA81217B0E41300B34DD8 /* ImageIO.framework */; };
		469FA81617B0E4A800B34DD8 /* DianPingEngine.m in Sources */ = {isa = PBXBuildFile; fileRef = 469FA81517B0E4A800B34DD8 /* DianPingEngine.m */; };
		469FA82917B0E9CF00B34DD8 /* DianPingAPI.m in Sources */ = {isa = PBXBuildFile; fileRef = 469FA82817B0E9CF00B34DD8 /* DianPingAPI.m */; };
		46A4F6111829FD620048C4EE /* SimulateAnnealTSP.mm in Sources */ = {isa = PBXBuildFile; fileRef = 46A4F6101829FD620048C4EE /* SimulateAnnealTSP.mm */; };
		46D0504517ED6429002B0891 /* RecommenderDatabase.m in Sources */ = {isa = PBXBuildFile; fileRef = 46D0504417ED6429002B0891 /* RecommenderDatabase.m */; };
		46F359C617EFFF78000887DB /* InsertCell.m in Sources */ = {isa = PBXBuildFile; fileRef = 46F359C517EFFF78000887DB /* InsertCell.m */; };
/* End PBXBuildFile section */

/* Begin PBXContainerItemProxy section */
		469FA7A017B0D5B300B34DD8 /* PBXContainerItemProxy */ = {
			isa = PBXContainerItemProxy;
			containerPortal = 469FA76D17B0D5B300B34DD8 /* Project object */;
			proxyType = 1;
			remoteGlobalIDString = 469FA77417B0D5B300B34DD8;
			remoteInfo = Recommender;
		};
/* End PBXContainerItemProxy section */

/* Begin PBXFileReference section */
		46085918182CD97D00FB05DD /* TourProjectListViewController.h */ = {isa = PBXFileReference; fileEncoding = 4; lastKnownFileType = sourcecode.c.h; path = TourProjectListViewController.h; sourceTree = "<group>"; };
		46085919182CD97D00FB05DD /* TourProjectListViewController.m */ = {isa = PBXFileReference; fileEncoding = 4; lastKnownFileType = sourcecode.c.objc; path = TourProjectListViewController.m; sourceTree = "<group>"; };
		4608591B182CDABF00FB05DD /* TourPlanListViewController.h */ = {isa = PBXFileReference; fileEncoding = 4; lastKnownFileType = sourcecode.c.h; path = TourPlanListViewController.h; sourceTree = "<group>"; };
		4608591C182CDABF00FB05DD /* TourPlanListViewController.m */ = {isa = PBXFileReference; fileEncoding = 4; lastKnownFileType = sourcecode.c.objc; path = TourPlanListViewController.m; sourceTree = "<group>"; };
		4608591E182CDCCC00FB05DD /* TourPlanDetailViewController.h */ = {isa = PBXFileReference; fileEncoding = 4; lastKnownFileType = sourcecode.c.h; path = TourPlanDetailViewController.h; sourceTree = "<group>"; };
		4608591F182CDCCC00FB05DD /* TourPlanDetailViewController.m */ = {isa = PBXFileReference; fileEncoding = 4; lastKnownFileType = sourcecode.c.objc; path = TourPlanDetailViewController.m; sourceTree = "<group>"; };
		463E28CD17ED7BC200A50BF8 /* Category+DianPing.h */ = {isa = PBXFileReference; fileEncoding = 4; lastKnownFileType = sourcecode.c.h; path = "Category+DianPing.h"; sourceTree = "<group>"; };
		463E28CE17ED7BC200A50BF8 /* Category+DianPing.m */ = {isa = PBXFileReference; fileEncoding = 4; lastKnownFileType = sourcecode.c.objc; path = "Category+DianPing.m"; sourceTree = "<group>"; };
		463E28D017ED7EE200A50BF8 /* Region+DianPing.h */ = {isa = PBXFileReference; fileEncoding = 4; lastKnownFileType = sourcecode.c.h; path = "Region+DianPing.h"; sourceTree = "<group>"; };
		463E28D117ED7EE200A50BF8 /* Region+DianPing.m */ = {isa = PBXFileReference; fileEncoding = 4; lastKnownFileType = sourcecode.c.objc; path = "Region+DianPing.m"; sourceTree = "<group>"; };
		463E28D317ED808800A50BF8 /* Deal+DianPing.h */ = {isa = PBXFileReference; fileEncoding = 4; lastKnownFileType = sourcecode.c.h; path = "Deal+DianPing.h"; sourceTree = "<group>"; };
		463E28D417ED808800A50BF8 /* Deal+DianPing.m */ = {isa = PBXFileReference; fileEncoding = 4; lastKnownFileType = sourcecode.c.objc; path = "Deal+DianPing.m"; sourceTree = "<group>"; };
		463E28D617ED8E3200A50BF8 /* MAMapKit.framework */ = {isa = PBXFileReference; lastKnownFileType = wrapper.framework; name = MAMapKit.framework; path = ../../AMap_iOS_API_Lib_V2.1/3D/MAMapKit.framework; sourceTree = "<group>"; };
		463E28D817ED8E9E00A50BF8 /* libstdc++.6.0.9.dylib */ = {isa = PBXFileReference; lastKnownFileType = "compiled.mach-o.dylib"; name = "libstdc++.6.0.9.dylib"; path = "usr/lib/libstdc++.6.0.9.dylib"; sourceTree = SDKROOT; };
		463E28DA17ED8F0500A50BF8 /* AMap.bundle */ = {isa = PBXFileReference; lastKnownFileType = "wrapper.plug-in"; path = AMap.bundle; sourceTree = "<group>"; };
		463E28DC17ED8F5500A50BF8 /* AMapSearchKit.framework */ = {isa = PBXFileReference; lastKnownFileType = wrapper.framework; name = AMapSearchKit.framework; path = ../../AMap_iOS_API_Lib_V2.1/Search/AMapSearchKit.framework; sourceTree = "<group>"; };
		464E758B182C81790033DF7D /* BrowseProjectListViewController.h */ = {isa = PBXFileReference; fileEncoding = 4; lastKnownFileType = sourcecode.c.h; path = BrowseProjectListViewController.h; sourceTree = "<group>"; };
		464E758C182C81790033DF7D /* BrowseProjectListViewController.m */ = {isa = PBXFileReference; fileEncoding = 4; lastKnownFileType = sourcecode.c.objc; path = BrowseProjectListViewController.m; sourceTree = "<group>"; };
		464E758E182C81930033DF7D /* PlanProjectListViewController.h */ = {isa = PBXFileReference; fileEncoding = 4; lastKnownFileType = sourcecode.c.h; path = PlanProjectListViewController.h; sourceTree = "<group>"; };
		464E758F182C81930033DF7D /* PlanProjectListViewController.m */ = {isa = PBXFileReference; fileEncoding = 4; lastKnownFileType = sourcecode.c.objc; path = PlanProjectListViewController.m; sourceTree = "<group>"; };
		464E7591182C8E0D0033DF7D /* BrowsePlanListViewController.h */ = {isa = PBXFileReference; fileEncoding = 4; lastKnownFileType = sourcecode.c.h; path = BrowsePlanListViewController.h; sourceTree = "<group>"; };
		464E7592182C8E0D0033DF7D /* BrowsePlanListViewController.m */ = {isa = PBXFileReference; fileEncoding = 4; lastKnownFileType = sourcecode.c.objc; path = BrowsePlanListViewController.m; sourceTree = "<group>"; };
		464E7594182C90B50033DF7D /* BrowsePlanDetialViewController.h */ = {isa = PBXFileReference; fileEncoding = 4; lastKnownFileType = sourcecode.c.h; path = BrowsePlanDetialViewController.h; sourceTree = "<group>"; };
		464E7595182C90B50033DF7D /* BrowsePlanDetialViewController.m */ = {isa = PBXFileReference; fileEncoding = 4; lastKnownFileType = sourcecode.c.objc; path = BrowsePlanDetialViewController.m; sourceTree = "<group>"; };
		464E7597182CA5750033DF7D /* PlanPlanListViewController.h */ = {isa = PBXFileReference; fileEncoding = 4; lastKnownFileType = sourcecode.c.h; path = PlanPlanListViewController.h; sourceTree = "<group>"; };
		464E7598182CA5750033DF7D /* PlanPlanListViewController.m */ = {isa = PBXFileReference; fileEncoding = 4; lastKnownFileType = sourcecode.c.objc; path = PlanPlanListViewController.m; sourceTree = "<group>"; };
		464E759A182CBDF10033DF7D /* PlanPlanDetailViewController.h */ = {isa = PBXFileReference; fileEncoding = 4; lastKnownFileType = sourcecode.c.h; path = PlanPlanDetailViewController.h; sourceTree = "<group>"; };
		464E759B182CBDF10033DF7D /* PlanPlanDetailViewController.m */ = {isa = PBXFileReference; fileEncoding = 4; lastKnownFileType = sourcecode.c.objc; path = PlanPlanDetailViewController.m; sourceTree = "<group>"; };
		465633AB17C9AE0C007A2E4A /* Storyboard.storyboard */ = {isa = PBXFileReference; fileEncoding = 4; lastKnownFileType = file.storyboard; path = Storyboard.storyboard; sourceTree = "<group>"; };
		46650B1E17D869AE000464B5 /* BrowseWebViewController.h */ = {isa = PBXFileReference; fileEncoding = 4; lastKnownFileType = sourcecode.c.h; path = BrowseWebViewController.h; sourceTree = "<group>"; };
		46650B1F17D869AE000464B5 /* BrowseWebViewController.m */ = {isa = PBXFileReference; fileEncoding = 4; lastKnownFileType = sourcecode.c.objc; path = BrowseWebViewController.m; sourceTree = "<group>"; };
		46650B2E17D870EA000464B5 /* MBProgressHUD.h */ = {isa = PBXFileReference; fileEncoding = 4; lastKnownFileType = sourcecode.c.h; path = MBProgressHUD.h; sourceTree = "<group>"; };
		46650B2F17D870EA000464B5 /* MBProgressHUD.m */ = {isa = PBXFileReference; fileEncoding = 4; lastKnownFileType = sourcecode.c.objc; path = MBProgressHUD.m; sourceTree = "<group>"; };
		46650B3217D87FB8000464B5 /* BaseProjectListViewController.h */ = {isa = PBXFileReference; fileEncoding = 4; lastKnownFileType = sourcecode.c.h; path = BaseProjectListViewController.h; sourceTree = "<group>"; };
		46650B3317D87FB8000464B5 /* BaseProjectListViewController.m */ = {isa = PBXFileReference; fileEncoding = 4; lastKnownFileType = sourcecode.c.objc; path = BaseProjectListViewController.m; sourceTree = "<group>"; };
		466853C3182F238C004A1C9A /* dot.png */ = {isa = PBXFileReference; lastKnownFileType = image.png; path = dot.png; sourceTree = "<group>"; };
		466853C4182F238C004A1C9A /* dot@2x.png */ = {isa = PBXFileReference; lastKnownFileType = image.png; path = "dot@2x.png"; sourceTree = "<group>"; };
		466853CA182F25EB004A1C9A /* UIImage+DPAnnotation.h */ = {isa = PBXFileReference; fileEncoding = 4; lastKnownFileType = sourcecode.c.h; path = "UIImage+DPAnnotation.h"; sourceTree = "<group>"; };
		466853CB182F25EB004A1C9A /* UIImage+DPAnnotation.m */ = {isa = PBXFileReference; fileEncoding = 4; lastKnownFileType = sourcecode.c.objc; path = "UIImage+DPAnnotation.m"; sourceTree = "<group>"; };
		466A269417E57AE200F7AFB1 /* Model.xcdatamodel */ = {isa = PBXFileReference; lastKnownFileType = wrapper.xcdatamodel; path = Model.xcdatamodel; sourceTree = "<group>"; };
		466C32F6181529EB00738DA1 /* tablet_icon_menu_default@2x.png */ = {isa = PBXFileReference; lastKnownFileType = image.png; path = "tablet_icon_menu_default@2x.png"; sourceTree = "<group>"; };
		466C32F8181529F400738DA1 /* tablet_icon_menu_default.png */ = {isa = PBXFileReference; lastKnownFileType = image.png; path = tablet_icon_menu_default.png; sourceTree = "<group>"; };
		46712F5617D30F1300516121 /* BrowsePoiCell.h */ = {isa = PBXFileReference; fileEncoding = 4; lastKnownFileType = sourcecode.c.h; path = BrowsePoiCell.h; sourceTree = "<group>"; };
		46712F5717D30F1400516121 /* BrowsePoiCell.m */ = {isa = PBXFileReference; fileEncoding = 4; lastKnownFileType = sourcecode.c.objc; path = BrowsePoiCell.m; sourceTree = "<group>"; };
		46712F6117D327C700516121 /* PoiDefaultIcon.png */ = {isa = PBXFileReference; lastKnownFileType = image.png; path = PoiDefaultIcon.png; sourceTree = "<group>"; };
		46712F6317D3283100516121 /* ImageCacheCenter.h */ = {isa = PBXFileReference; fileEncoding = 4; lastKnownFileType = sourcecode.c.h; path = ImageCacheCenter.h; sourceTree = "<group>"; };
		46712F6417D3283100516121 /* ImageCacheCenter.m */ = {isa = PBXFileReference; fileEncoding = 4; lastKnownFileType = sourcecode.c.objc; path = ImageCacheCenter.m; sourceTree = "<group>"; };
		4672B05A182B6A4400CE5AA5 /* Utils.h */ = {isa = PBXFileReference; fileEncoding = 4; lastKnownFileType = sourcecode.c.h; path = Utils.h; sourceTree = "<group>"; };
		4672B05B182B6A4400CE5AA5 /* Utils.m */ = {isa = PBXFileReference; fileEncoding = 4; lastKnownFileType = sourcecode.c.objc; path = Utils.m; sourceTree = "<group>"; };
		4672B07A182B954700CE5AA5 /* TourMapViewController.h */ = {isa = PBXFileReference; fileEncoding = 4; lastKnownFileType = sourcecode.c.h; path = TourMapViewController.h; sourceTree = "<group>"; };
		4672B07B182B954700CE5AA5 /* TourMapViewController.mm */ = {isa = PBXFileReference; fileEncoding = 4; lastKnownFileType = sourcecode.cpp.objcpp; path = TourMapViewController.mm; sourceTree = "<group>"; };
		467AD3E617E4000C001B3C97 /* MoreListViewController.h */ = {isa = PBXFileReference; fileEncoding = 4; lastKnownFileType = sourcecode.c.h; path = MoreListViewController.h; sourceTree = "<group>"; };
		467AD3E717E4000C001B3C97 /* MoreListViewController.m */ = {isa = PBXFileReference; fileEncoding = 4; lastKnownFileType = sourcecode.c.objc; path = MoreListViewController.m; sourceTree = "<group>"; };
		467BB2941813BBBA00B23004 /* User.h */ = {isa = PBXFileReference; fileEncoding = 4; lastKnownFileType = sourcecode.c.h; path = User.h; sourceTree = "<group>"; };
		467BB2951813BBBA00B23004 /* User.m */ = {isa = PBXFileReference; fileEncoding = 4; lastKnownFileType = sourcecode.c.objc; path = User.m; sourceTree = "<group>"; };
		467BB2971813BBBB00B23004 /* TravelPlan.h */ = {isa = PBXFileReference; fileEncoding = 4; lastKnownFileType = sourcecode.c.h; path = TravelPlan.h; sourceTree = "<group>"; };
		467BB2981813BBBB00B23004 /* TravelPlan.m */ = {isa = PBXFileReference; fileEncoding = 4; lastKnownFileType = sourcecode.c.objc; path = TravelPlan.m; sourceTree = "<group>"; };
		467BB29A1813BBBB00B23004 /* Poi.h */ = {isa = PBXFileReference; fileEncoding = 4; lastKnownFileType = sourcecode.c.h; path = Poi.h; sourceTree = "<group>"; };
		467BB29B1813BBBB00B23004 /* Poi.m */ = {isa = PBXFileReference; fileEncoding = 4; lastKnownFileType = sourcecode.c.objc; path = Poi.m; sourceTree = "<group>"; };
		467BB29D1813BBBB00B23004 /* Category.h */ = {isa = PBXFileReference; fileEncoding = 4; lastKnownFileType = sourcecode.c.h; path = Category.h; sourceTree = "<group>"; };
		467BB29E1813BBBB00B23004 /* Category.m */ = {isa = PBXFileReference; fileEncoding = 4; lastKnownFileType = sourcecode.c.objc; path = Category.m; sourceTree = "<group>"; };
		467BB2A01813BBBB00B23004 /* Transportation.h */ = {isa = PBXFileReference; fileEncoding = 4; lastKnownFileType = sourcecode.c.h; path = Transportation.h; sourceTree = "<group>"; };
		467BB2A11813BBBB00B23004 /* Transportation.m */ = {isa = PBXFileReference; fileEncoding = 4; lastKnownFileType = sourcecode.c.objc; path = Transportation.m; sourceTree = "<group>"; };
		467BB2A31813BBBB00B23004 /* Deal.h */ = {isa = PBXFileReference; fileEncoding = 4; lastKnownFileType = sourcecode.c.h; path = Deal.h; sourceTree = "<group>"; };
		467BB2A41813BBBB00B23004 /* Deal.m */ = {isa = PBXFileReference; fileEncoding = 4; lastKnownFileType = sourcecode.c.objc; path = Deal.m; sourceTree = "<group>"; };
		467BB2A61813BBBB00B23004 /* TravelProject.h */ = {isa = PBXFileReference; fileEncoding = 4; lastKnownFileType = sourcecode.c.h; path = TravelProject.h; sourceTree = "<group>"; };
		467BB2A71813BBBB00B23004 /* TravelProject.m */ = {isa = PBXFileReference; fileEncoding = 4; lastKnownFileType = sourcecode.c.objc; path = TravelProject.m; sourceTree = "<group>"; };
		467BB2A91813BBBB00B23004 /* Region.h */ = {isa = PBXFileReference; fileEncoding = 4; lastKnownFileType = sourcecode.c.h; path = Region.h; sourceTree = "<group>"; };
		467BB2AA1813BBBB00B23004 /* Region.m */ = {isa = PBXFileReference; fileEncoding = 4; lastKnownFileType = sourcecode.c.objc; path = Region.m; sourceTree = "<group>"; };
		467BB2AC1813C99E00B23004 /* BasePlanDetailViewController.h */ = {isa = PBXFileReference; fileEncoding = 4; lastKnownFileType = sourcecode.c.h; path = BasePlanDetailViewController.h; sourceTree = "<group>"; };
		467BB2AD1813C99E00B23004 /* BasePlanDetailViewController.m */ = {isa = PBXFileReference; fileEncoding = 4; lastKnownFileType = sourcecode.c.objc; path = BasePlanDetailViewController.m; sourceTree = "<group>"; };
		467F7869181228B300130FBC /* UserManager.h */ = {isa = PBXFileReference; fileEncoding = 4; lastKnownFileType = sourcecode.c.h; path = UserManager.h; sourceTree = "<group>"; };
		467F786A181228B300130FBC /* UserManager.m */ = {isa = PBXFileReference; fileEncoding = 4; lastKnownFileType = sourcecode.c.objc; path = UserManager.m; sourceTree = "<group>"; };
		467F786D18122B9100130FBC /* User+DianPing.h */ = {isa = PBXFileReference; fileEncoding = 4; lastKnownFileType = sourcecode.c.h; path = "User+DianPing.h"; sourceTree = "<group>"; };
		467F786E18122B9100130FBC /* User+DianPing.m */ = {isa = PBXFileReference; fileEncoding = 4; lastKnownFileType = sourcecode.c.objc; path = "User+DianPing.m"; sourceTree = "<group>"; };
		467F789418123EA500130FBC /* BasePlanListViewController.h */ = {isa = PBXFileReference; fileEncoding = 4; lastKnownFileType = sourcecode.c.h; path = BasePlanListViewController.h; sourceTree = "<group>"; };
		467F789518123EA500130FBC /* BasePlanListViewController.m */ = {isa = PBXFileReference; fileEncoding = 4; lastKnownFileType = sourcecode.c.objc; path = BasePlanListViewController.m; sourceTree = "<group>"; };
		4680AC5817D1ACFB00861866 /* BrowseRootViewController.h */ = {isa = PBXFileReference; fileEncoding = 4; lastKnownFileType = sourcecode.c.h; path = BrowseRootViewController.h; sourceTree = "<group>"; };
		4680AC5917D1ACFB00861866 /* BrowseRootViewController.m */ = {isa = PBXFileReference; fileEncoding = 4; lastKnownFileType = sourcecode.c.objc; path = BrowseRootViewController.m; sourceTree = "<group>"; };
		4680AC5B17D1B9F900861866 /* BrowseTableViewController.h */ = {isa = PBXFileReference; fileEncoding = 4; lastKnownFileType = sourcecode.c.h; path = BrowseTableViewController.h; sourceTree = "<group>"; };
		4680AC5C17D1B9F900861866 /* BrowseTableViewController.m */ = {isa = PBXFileReference; fileEncoding = 4; lastKnownFileType = sourcecode.c.objc; path = BrowseTableViewController.m; sourceTree = "<group>"; };
		4680ACB317D1EB7400861866 /* PoiStream.h */ = {isa = PBXFileReference; fileEncoding = 4; lastKnownFileType = sourcecode.c.h; path = PoiStream.h; sourceTree = "<group>"; };
		4680ACB417D1EB7400861866 /* PoiStream.m */ = {isa = PBXFileReference; fileEncoding = 4; lastKnownFileType = sourcecode.c.objc; path = PoiStream.m; sourceTree = "<group>"; };
		4682BD7A17E83911000BAE11 /* Poi+DianPing.h */ = {isa = PBXFileReference; fileEncoding = 4; lastKnownFileType = sourcecode.c.h; path = "Poi+DianPing.h"; sourceTree = "<group>"; };
		4682BD7B17E83911000BAE11 /* Poi+DianPing.m */ = {isa = PBXFileReference; fileEncoding = 4; lastKnownFileType = sourcecode.c.objc; path = "Poi+DianPing.m"; sourceTree = "<group>"; };
		4682BDE917E84486000BAE11 /* CoreData.framework */ = {isa = PBXFileReference; lastKnownFileType = wrapper.framework; name = CoreData.framework; path = System/Library/Frameworks/CoreData.framework; sourceTree = SDKROOT; };
		4693445917B377E500F8090A /* AnnotationButton.h */ = {isa = PBXFileReference; fileEncoding = 4; lastKnownFileType = sourcecode.c.h; path = AnnotationButton.h; sourceTree = "<group>"; };
		4693445A17B377E500F8090A /* AnnotationButton.m */ = {isa = PBXFileReference; fileEncoding = 4; lastKnownFileType = sourcecode.c.objc; path = AnnotationButton.m; sourceTree = "<group>"; };
		4693445C17B37F2B00F8090A /* tablet_icon_selected_arrow.png */ = {isa = PBXFileReference; lastKnownFileType = image.png; path = tablet_icon_selected_arrow.png; sourceTree = "<group>"; };
		4693445D17B37F2B00F8090A /* tablet_icon_selected_arrow@2x.png */ = {isa = PBXFileReference; lastKnownFileType = image.png; path = "tablet_icon_selected_arrow@2x.png"; sourceTree = "<group>"; };
		4693446B17B39A3F00F8090A /* DPPoiAnnotation.h */ = {isa = PBXFileReference; fileEncoding = 4; lastKnownFileType = sourcecode.c.h; path = DPPoiAnnotation.h; sourceTree = "<group>"; };
		4693446C17B39A3F00F8090A /* DPPoiAnnotation.m */ = {isa = PBXFileReference; fileEncoding = 4; lastKnownFileType = sourcecode.c.objc; path = DPPoiAnnotation.m; sourceTree = "<group>"; };
		46969432182DE3520097707B /* PoiPair.h */ = {isa = PBXFileReference; fileEncoding = 4; lastKnownFileType = sourcecode.c.h; path = PoiPair.h; sourceTree = "<group>"; };
		46969433182DE3520097707B /* PoiPair.m */ = {isa = PBXFileReference; fileEncoding = 4; lastKnownFileType = sourcecode.c.objc; path = PoiPair.m; sourceTree = "<group>"; };
		469FA77517B0D5B300B34DD8 /* Recommender.app */ = {isa = PBXFileReference; explicitFileType = wrapper.application; includeInIndex = 0; path = Recommender.app; sourceTree = BUILT_PRODUCTS_DIR; };
		469FA77817B0D5B300B34DD8 /* UIKit.framework */ = {isa = PBXFileReference; lastKnownFileType = wrapper.framework; name = UIKit.framework; path = System/Library/Frameworks/UIKit.framework; sourceTree = SDKROOT; };
		469FA77A17B0D5B300B34DD8 /* Foundation.framework */ = {isa = PBXFileReference; lastKnownFileType = wrapper.framework; name = Foundation.framework; path = System/Library/Frameworks/Foundation.framework; sourceTree = SDKROOT; };
		469FA77C17B0D5B300B34DD8 /* CoreGraphics.framework */ = {isa = PBXFileReference; lastKnownFileType = wrapper.framework; name = CoreGraphics.framework; path = System/Library/Frameworks/CoreGraphics.framework; sourceTree = SDKROOT; };
		469FA78017B0D5B300B34DD8 /* Recommender-Info.plist */ = {isa = PBXFileReference; lastKnownFileType = text.plist.xml; path = "Recommender-Info.plist"; sourceTree = "<group>"; };
		469FA78217B0D5B300B34DD8 /* en */ = {isa = PBXFileReference; lastKnownFileType = text.plist.strings; name = en; path = en.lproj/InfoPlist.strings; sourceTree = "<group>"; };
		469FA78417B0D5B300B34DD8 /* main.m */ = {isa = PBXFileReference; lastKnownFileType = sourcecode.c.objc; path = main.m; sourceTree = "<group>"; };
		469FA78617B0D5B300B34DD8 /* Recommender-Prefix.pch */ = {isa = PBXFileReference; lastKnownFileType = sourcecode.c.h; path = "Recommender-Prefix.pch"; sourceTree = "<group>"; };
		469FA78717B0D5B300B34DD8 /* AppDelegate.h */ = {isa = PBXFileReference; lastKnownFileType = sourcecode.c.h; path = AppDelegate.h; sourceTree = "<group>"; };
		469FA78817B0D5B300B34DD8 /* AppDelegate.mm */ = {isa = PBXFileReference; lastKnownFileType = sourcecode.cpp.objcpp; path = AppDelegate.mm; sourceTree = "<group>"; };
		469FA78A17B0D5B300B34DD8 /* Default.png */ = {isa = PBXFileReference; lastKnownFileType = image.png; path = Default.png; sourceTree = "<group>"; };
		469FA78C17B0D5B300B34DD8 /* Default@2x.png */ = {isa = PBXFileReference; lastKnownFileType = image.png; path = "Default@2x.png"; sourceTree = "<group>"; };
		469FA78E17B0D5B300B34DD8 /* Default-568h@2x.png */ = {isa = PBXFileReference; lastKnownFileType = image.png; path = "Default-568h@2x.png"; sourceTree = "<group>"; };
		469FA79017B0D5B300B34DD8 /* BrowseMapViewController.h */ = {isa = PBXFileReference; lastKnownFileType = sourcecode.c.h; path = BrowseMapViewController.h; sourceTree = "<group>"; };
		469FA79117B0D5B300B34DD8 /* BrowseMapViewController.m */ = {isa = PBXFileReference; lastKnownFileType = sourcecode.c.objc; path = BrowseMapViewController.m; sourceTree = "<group>"; };
		469FA79B17B0D5B300B34DD8 /* RecommenderTests.octest */ = {isa = PBXFileReference; explicitFileType = wrapper.cfbundle; includeInIndex = 0; path = RecommenderTests.octest; sourceTree = BUILT_PRODUCTS_DIR; };
		469FA79C17B0D5B300B34DD8 /* SenTestingKit.framework */ = {isa = PBXFileReference; lastKnownFileType = wrapper.framework; name = SenTestingKit.framework; path = Library/Frameworks/SenTestingKit.framework; sourceTree = DEVELOPER_DIR; };
		469FA7A417B0D5B300B34DD8 /* RecommenderTests-Info.plist */ = {isa = PBXFileReference; lastKnownFileType = text.plist.xml; path = "RecommenderTests-Info.plist"; sourceTree = "<group>"; };
		469FA7A617B0D5B300B34DD8 /* en */ = {isa = PBXFileReference; lastKnownFileType = text.plist.strings; name = en; path = en.lproj/InfoPlist.strings; sourceTree = "<group>"; };
		469FA7A817B0D5B400B34DD8 /* RecommenderTests.h */ = {isa = PBXFileReference; lastKnownFileType = sourcecode.c.h; path = RecommenderTests.h; sourceTree = "<group>"; };
		469FA7A917B0D5B400B34DD8 /* RecommenderTests.m */ = {isa = PBXFileReference; lastKnownFileType = sourcecode.c.objc; path = RecommenderTests.m; sourceTree = "<group>"; };
		469FA7B317B0D61200B34DD8 /* libz.dylib */ = {isa = PBXFileReference; lastKnownFileType = "compiled.mach-o.dylib"; name = libz.dylib; path = usr/lib/libz.dylib; sourceTree = SDKROOT; };
		469FA7B517B0D61900B34DD8 /* SystemConfiguration.framework */ = {isa = PBXFileReference; lastKnownFileType = wrapper.framework; name = SystemConfiguration.framework; path = System/Library/Frameworks/SystemConfiguration.framework; sourceTree = SDKROOT; };
		469FA7B717B0D62000B34DD8 /* CoreTelephony.framework */ = {isa = PBXFileReference; lastKnownFileType = wrapper.framework; name = CoreTelephony.framework; path = System/Library/Frameworks/CoreTelephony.framework; sourceTree = SDKROOT; };
		469FA7B917B0D62700B34DD8 /* CoreLocation.framework */ = {isa = PBXFileReference; lastKnownFileType = wrapper.framework; name = CoreLocation.framework; path = System/Library/Frameworks/CoreLocation.framework; sourceTree = SDKROOT; };
		469FA7BB17B0D62F00B34DD8 /* OpenGLES.framework */ = {isa = PBXFileReference; lastKnownFileType = wrapper.framework; name = OpenGLES.framework; path = System/Library/Frameworks/OpenGLES.framework; sourceTree = SDKROOT; };
		469FA7BD17B0D63700B34DD8 /* QuartzCore.framework */ = {isa = PBXFileReference; lastKnownFileType = wrapper.framework; name = QuartzCore.framework; path = System/Library/Frameworks/QuartzCore.framework; sourceTree = SDKROOT; };
		469FA7F017B0E3E500B34DD8 /* NSData+MKBase64.h */ = {isa = PBXFileReference; fileEncoding = 4; lastKnownFileType = sourcecode.c.h; path = "NSData+MKBase64.h"; sourceTree = "<group>"; };
		469FA7F117B0E3E500B34DD8 /* NSData+MKBase64.m */ = {isa = PBXFileReference; fileEncoding = 4; lastKnownFileType = sourcecode.c.objc; path = "NSData+MKBase64.m"; sourceTree = "<group>"; };
		469FA7F217B0E3E500B34DD8 /* NSDate+RFC1123.h */ = {isa = PBXFileReference; fileEncoding = 4; lastKnownFileType = sourcecode.c.h; path = "NSDate+RFC1123.h"; sourceTree = "<group>"; };
		469FA7F317B0E3E500B34DD8 /* NSDate+RFC1123.m */ = {isa = PBXFileReference; fileEncoding = 4; lastKnownFileType = sourcecode.c.objc; path = "NSDate+RFC1123.m"; sourceTree = "<group>"; };
		469FA7F417B0E3E500B34DD8 /* NSDictionary+RequestEncoding.h */ = {isa = PBXFileReference; fileEncoding = 4; lastKnownFileType = sourcecode.c.h; path = "NSDictionary+RequestEncoding.h"; sourceTree = "<group>"; };
		469FA7F517B0E3E500B34DD8 /* NSDictionary+RequestEncoding.m */ = {isa = PBXFileReference; fileEncoding = 4; lastKnownFileType = sourcecode.c.objc; path = "NSDictionary+RequestEncoding.m"; sourceTree = "<group>"; };
		469FA7F617B0E3E500B34DD8 /* NSString+MKNetworkKitAdditions.h */ = {isa = PBXFileReference; fileEncoding = 4; lastKnownFileType = sourcecode.c.h; path = "NSString+MKNetworkKitAdditions.h"; sourceTree = "<group>"; };
		469FA7F717B0E3E500B34DD8 /* NSString+MKNetworkKitAdditions.m */ = {isa = PBXFileReference; fileEncoding = 4; lastKnownFileType = sourcecode.c.objc; path = "NSString+MKNetworkKitAdditions.m"; sourceTree = "<group>"; };
		469FA7F817B0E3E500B34DD8 /* UIAlertView+MKNetworkKitAdditions.h */ = {isa = PBXFileReference; fileEncoding = 4; lastKnownFileType = sourcecode.c.h; path = "UIAlertView+MKNetworkKitAdditions.h"; sourceTree = "<group>"; };
		469FA7F917B0E3E500B34DD8 /* UIAlertView+MKNetworkKitAdditions.m */ = {isa = PBXFileReference; fileEncoding = 4; lastKnownFileType = sourcecode.c.objc; path = "UIAlertView+MKNetworkKitAdditions.m"; sourceTree = "<group>"; };
		469FA7FA17B0E3E500B34DD8 /* UIImageView+MKNetworkKitAdditions.h */ = {isa = PBXFileReference; fileEncoding = 4; lastKnownFileType = sourcecode.c.h; path = "UIImageView+MKNetworkKitAdditions.h"; sourceTree = "<group>"; };
		469FA7FB17B0E3E500B34DD8 /* UIImageView+MKNetworkKitAdditions.m */ = {isa = PBXFileReference; fileEncoding = 4; lastKnownFileType = sourcecode.c.objc; path = "UIImageView+MKNetworkKitAdditions.m"; sourceTree = "<group>"; };
		469FA7FC17B0E3E500B34DD8 /* MKNetworkEngine.h */ = {isa = PBXFileReference; fileEncoding = 4; lastKnownFileType = sourcecode.c.h; path = MKNetworkEngine.h; sourceTree = "<group>"; };
		469FA7FD17B0E3E500B34DD8 /* MKNetworkEngine.m */ = {isa = PBXFileReference; fileEncoding = 4; lastKnownFileType = sourcecode.c.objc; path = MKNetworkEngine.m; sourceTree = "<group>"; };
		469FA7FE17B0E3E500B34DD8 /* MKNetworkKit.h */ = {isa = PBXFileReference; fileEncoding = 4; lastKnownFileType = sourcecode.c.h; path = MKNetworkKit.h; sourceTree = "<group>"; };
		469FA7FF17B0E3E500B34DD8 /* MKNetworkOperation.h */ = {isa = PBXFileReference; fileEncoding = 4; lastKnownFileType = sourcecode.c.h; path = MKNetworkOperation.h; sourceTree = "<group>"; };
		469FA80017B0E3E500B34DD8 /* MKNetworkOperation.m */ = {isa = PBXFileReference; fileEncoding = 4; lastKnownFileType = sourcecode.c.objc; path = MKNetworkOperation.m; sourceTree = "<group>"; };
		469FA80217B0E3E500B34DD8 /* Reachability.h */ = {isa = PBXFileReference; fileEncoding = 4; lastKnownFileType = sourcecode.c.h; path = Reachability.h; sourceTree = "<group>"; };
		469FA80317B0E3E500B34DD8 /* Reachability.m */ = {isa = PBXFileReference; fileEncoding = 4; lastKnownFileType = sourcecode.c.objc; path = Reachability.m; sourceTree = "<group>"; };
		469FA80E17B0E40100B34DD8 /* CFNetwork.framework */ = {isa = PBXFileReference; lastKnownFileType = wrapper.framework; name = CFNetwork.framework; path = System/Library/Frameworks/CFNetwork.framework; sourceTree = SDKROOT; };
		469FA81017B0E40B00B34DD8 /* Security.framework */ = {isa = PBXFileReference; lastKnownFileType = wrapper.framework; name = Security.framework; path = System/Library/Frameworks/Security.framework; sourceTree = SDKROOT; };
		469FA81217B0E41300B34DD8 /* ImageIO.framework */ = {isa = PBXFileReference; lastKnownFileType = wrapper.framework; name = ImageIO.framework; path = System/Library/Frameworks/ImageIO.framework; sourceTree = SDKROOT; };
		469FA81417B0E4A700B34DD8 /* DianPingEngine.h */ = {isa = PBXFileReference; fileEncoding = 4; lastKnownFileType = sourcecode.c.h; path = DianPingEngine.h; sourceTree = "<group>"; };
		469FA81517B0E4A800B34DD8 /* DianPingEngine.m */ = {isa = PBXFileReference; fileEncoding = 4; lastKnownFileType = sourcecode.c.objc; path = DianPingEngine.m; sourceTree = "<group>"; };
		469FA82717B0E9CF00B34DD8 /* DianPingAPI.h */ = {isa = PBXFileReference; fileEncoding = 4; lastKnownFileType = sourcecode.c.h; path = DianPingAPI.h; sourceTree = "<group>"; };
		469FA82817B0E9CF00B34DD8 /* DianPingAPI.m */ = {isa = PBXFileReference; fileEncoding = 4; lastKnownFileType = sourcecode.c.objc; path = DianPingAPI.m; sourceTree = "<group>"; };
		46A4F60F1829FD620048C4EE /* SimulateAnnealTSP.h */ = {isa = PBXFileReference; fileEncoding = 4; lastKnownFileType = sourcecode.c.h; path = SimulateAnnealTSP.h; sourceTree = "<group>"; };
		46A4F6101829FD620048C4EE /* SimulateAnnealTSP.mm */ = {isa = PBXFileReference; fileEncoding = 4; lastKnownFileType = sourcecode.cpp.objcpp; path = SimulateAnnealTSP.mm; sourceTree = "<group>"; };
		46D0504317ED6429002B0891 /* RecommenderDatabase.h */ = {isa = PBXFileReference; fileEncoding = 4; lastKnownFileType = sourcecode.c.h; path = RecommenderDatabase.h; sourceTree = "<group>"; };
		46D0504417ED6429002B0891 /* RecommenderDatabase.m */ = {isa = PBXFileReference; fileEncoding = 4; lastKnownFileType = sourcecode.c.objc; path = RecommenderDatabase.m; sourceTree = "<group>"; };
		46F359C417EFFF78000887DB /* InsertCell.h */ = {isa = PBXFileReference; fileEncoding = 4; lastKnownFileType = sourcecode.c.h; path = InsertCell.h; sourceTree = "<group>"; };
		46F359C517EFFF78000887DB /* InsertCell.m */ = {isa = PBXFileReference; fileEncoding = 4; lastKnownFileType = sourcecode.c.objc; path = InsertCell.m; sourceTree = "<group>"; };
/* End PBXFileReference section */

/* Begin PBXFrameworksBuildPhase section */
		469FA77217B0D5B300B34DD8 /* Frameworks */ = {
			isa = PBXFrameworksBuildPhase;
			buildActionMask = 2147483647;
			files = (
				463E28DD17ED8F5500A50BF8 /* AMapSearchKit.framework in Frameworks */,
				469FA81117B0E40B00B34DD8 /* Security.framework in Frameworks */,
				463E28D917ED8E9E00A50BF8 /* libstdc++.6.0.9.dylib in Frameworks */,
				469FA7BA17B0D62700B34DD8 /* CoreLocation.framework in Frameworks */,
				463E28D717ED8E3200A50BF8 /* MAMapKit.framework in Frameworks */,
				4682BDEA17E84486000BAE11 /* CoreData.framework in Frameworks */,
				469FA81317B0E41300B34DD8 /* ImageIO.framework in Frameworks */,
				469FA80F17B0E40100B34DD8 /* CFNetwork.framework in Frameworks */,
				469FA7BE17B0D63700B34DD8 /* QuartzCore.framework in Frameworks */,
				469FA7BC17B0D62F00B34DD8 /* OpenGLES.framework in Frameworks */,
				469FA7B817B0D62000B34DD8 /* CoreTelephony.framework in Frameworks */,
				469FA7B617B0D61900B34DD8 /* SystemConfiguration.framework in Frameworks */,
				469FA7B417B0D61200B34DD8 /* libz.dylib in Frameworks */,
				469FA77917B0D5B300B34DD8 /* UIKit.framework in Frameworks */,
				469FA77B17B0D5B300B34DD8 /* Foundation.framework in Frameworks */,
				469FA77D17B0D5B300B34DD8 /* CoreGraphics.framework in Frameworks */,
			);
			runOnlyForDeploymentPostprocessing = 0;
		};
		469FA79717B0D5B300B34DD8 /* Frameworks */ = {
			isa = PBXFrameworksBuildPhase;
			buildActionMask = 2147483647;
			files = (
				469FA79D17B0D5B300B34DD8 /* SenTestingKit.framework in Frameworks */,
				469FA79E17B0D5B300B34DD8 /* UIKit.framework in Frameworks */,
				469FA79F17B0D5B300B34DD8 /* Foundation.framework in Frameworks */,
			);
			runOnlyForDeploymentPostprocessing = 0;
		};
/* End PBXFrameworksBuildPhase section */

/* Begin PBXGroup section */
		465633AD17C9B136007A2E4A /* Browse Mode */ = {
			isa = PBXGroup;
			children = (
				46712F5617D30F1300516121 /* BrowsePoiCell.h */,
				46712F5717D30F1400516121 /* BrowsePoiCell.m */,
				4693445917B377E500F8090A /* AnnotationButton.h */,
				4693445A17B377E500F8090A /* AnnotationButton.m */,
				4693446B17B39A3F00F8090A /* DPPoiAnnotation.h */,
				4693446C17B39A3F00F8090A /* DPPoiAnnotation.m */,
				469FA79017B0D5B300B34DD8 /* BrowseMapViewController.h */,
				469FA79117B0D5B300B34DD8 /* BrowseMapViewController.m */,
				4680AC5817D1ACFB00861866 /* BrowseRootViewController.h */,
				4680AC5917D1ACFB00861866 /* BrowseRootViewController.m */,
				4680AC5B17D1B9F900861866 /* BrowseTableViewController.h */,
				4680AC5C17D1B9F900861866 /* BrowseTableViewController.m */,
				46650B1E17D869AE000464B5 /* BrowseWebViewController.h */,
				46650B1F17D869AE000464B5 /* BrowseWebViewController.m */,
				464E758B182C81790033DF7D /* BrowseProjectListViewController.h */,
				464E758C182C81790033DF7D /* BrowseProjectListViewController.m */,
				464E7591182C8E0D0033DF7D /* BrowsePlanListViewController.h */,
				464E7592182C8E0D0033DF7D /* BrowsePlanListViewController.m */,
				464E7594182C90B50033DF7D /* BrowsePlanDetialViewController.h */,
				464E7595182C90B50033DF7D /* BrowsePlanDetialViewController.m */,
			);
			name = "Browse Mode";
			sourceTree = "<group>";
		};
		46650B2D17D870D4000464B5 /* MBProgressHUD */ = {
			isa = PBXGroup;
			children = (
				46650B2E17D870EA000464B5 /* MBProgressHUD.h */,
				46650B2F17D870EA000464B5 /* MBProgressHUD.m */,
			);
			name = MBProgressHUD;
			sourceTree = "<group>";
		};
		46650B3117D87A03000464B5 /* Plan Mode */ = {
			isa = PBXGroup;
			children = (
				46650B3217D87FB8000464B5 /* BaseProjectListViewController.h */,
				46650B3317D87FB8000464B5 /* BaseProjectListViewController.m */,
				46F359C417EFFF78000887DB /* InsertCell.h */,
				46F359C517EFFF78000887DB /* InsertCell.m */,
				467F789418123EA500130FBC /* BasePlanListViewController.h */,
				467F789518123EA500130FBC /* BasePlanListViewController.m */,
				467BB2AC1813C99E00B23004 /* BasePlanDetailViewController.h */,
				467BB2AD1813C99E00B23004 /* BasePlanDetailViewController.m */,
				464E758E182C81930033DF7D /* PlanProjectListViewController.h */,
				464E758F182C81930033DF7D /* PlanProjectListViewController.m */,
				464E7597182CA5750033DF7D /* PlanPlanListViewController.h */,
				464E7598182CA5750033DF7D /* PlanPlanListViewController.m */,
				464E759A182CBDF10033DF7D /* PlanPlanDetailViewController.h */,
				464E759B182CBDF10033DF7D /* PlanPlanDetailViewController.m */,
			);
			name = "Plan Mode";
			sourceTree = "<group>";
		};
		46712F6017D3278F00516121 /* Recources */ = {
			isa = PBXGroup;
			children = (
				466853C3182F238C004A1C9A /* dot.png */,
				466853C4182F238C004A1C9A /* dot@2x.png */,
				466C32F8181529F400738DA1 /* tablet_icon_menu_default.png */,
				466C32F6181529EB00738DA1 /* tablet_icon_menu_default@2x.png */,
				46712F6117D327C700516121 /* PoiDefaultIcon.png */,
				4693445C17B37F2B00F8090A /* tablet_icon_selected_arrow.png */,
				4693445D17B37F2B00F8090A /* tablet_icon_selected_arrow@2x.png */,
			);
			name = Recources;
			sourceTree = "<group>";
		};
		4672B079182B8CE000CE5AA5 /* Tour Mode */ = {
			isa = PBXGroup;
			children = (
				4672B07A182B954700CE5AA5 /* TourMapViewController.h */,
				4672B07B182B954700CE5AA5 /* TourMapViewController.mm */,
				46085918182CD97D00FB05DD /* TourProjectListViewController.h */,
				46085919182CD97D00FB05DD /* TourProjectListViewController.m */,
				4608591B182CDABF00FB05DD /* TourPlanListViewController.h */,
				4608591C182CDABF00FB05DD /* TourPlanListViewController.m */,
				4608591E182CDCCC00FB05DD /* TourPlanDetailViewController.h */,
				4608591F182CDCCC00FB05DD /* TourPlanDetailViewController.m */,
				466853CA182F25EB004A1C9A /* UIImage+DPAnnotation.h */,
				466853CB182F25EB004A1C9A /* UIImage+DPAnnotation.m */,
			);
			name = "Tour Mode";
			sourceTree = "<group>";
		};
		467AD3E517E3FFEA001B3C97 /* More */ = {
			isa = PBXGroup;
			children = (
				467AD3E617E4000C001B3C97 /* MoreListViewController.h */,
				467AD3E717E4000C001B3C97 /* MoreListViewController.m */,
			);
			name = More;
			sourceTree = "<group>";
		};
		467F786C18122AF800130FBC /* DianPingCategory */ = {
			isa = PBXGroup;
			children = (
				4682BD7A17E83911000BAE11 /* Poi+DianPing.h */,
				4682BD7B17E83911000BAE11 /* Poi+DianPing.m */,
				463E28CD17ED7BC200A50BF8 /* Category+DianPing.h */,
				463E28CE17ED7BC200A50BF8 /* Category+DianPing.m */,
				463E28D017ED7EE200A50BF8 /* Region+DianPing.h */,
				463E28D117ED7EE200A50BF8 /* Region+DianPing.m */,
				463E28D317ED808800A50BF8 /* Deal+DianPing.h */,
				463E28D417ED808800A50BF8 /* Deal+DianPing.m */,
				467F786D18122B9100130FBC /* User+DianPing.h */,
				467F786E18122B9100130FBC /* User+DianPing.m */,
			);
			name = DianPingCategory;
			sourceTree = "<group>";
		};
		4680ACAA17D1E5AE00861866 /* Models */ = {
			isa = PBXGroup;
			children = (
				467F786C18122AF800130FBC /* DianPingCategory */,
				466A269317E57AE200F7AFB1 /* Model.xcdatamodeld */,
				467BB2941813BBBA00B23004 /* User.h */,
				467BB2951813BBBA00B23004 /* User.m */,
				467BB2971813BBBB00B23004 /* TravelPlan.h */,
				467BB2981813BBBB00B23004 /* TravelPlan.m */,
				467BB29A1813BBBB00B23004 /* Poi.h */,
				467BB29B1813BBBB00B23004 /* Poi.m */,
				467BB29D1813BBBB00B23004 /* Category.h */,
				467BB29E1813BBBB00B23004 /* Category.m */,
				467BB2A01813BBBB00B23004 /* Transportation.h */,
				467BB2A11813BBBB00B23004 /* Transportation.m */,
				467BB2A31813BBBB00B23004 /* Deal.h */,
				467BB2A41813BBBB00B23004 /* Deal.m */,
				467BB2A61813BBBB00B23004 /* TravelProject.h */,
				467BB2A71813BBBB00B23004 /* TravelProject.m */,
				467BB2A91813BBBB00B23004 /* Region.h */,
				467BB2AA1813BBBB00B23004 /* Region.m */,
				4680ACB317D1EB7400861866 /* PoiStream.h */,
				4680ACB417D1EB7400861866 /* PoiStream.m */,
			);
			name = Models;
			sourceTree = "<group>";
		};
		469FA76C17B0D5B300B34DD8 = {
			isa = PBXGroup;
			children = (
				463E28DA17ED8F0500A50BF8 /* AMap.bundle */,
				469FA77E17B0D5B300B34DD8 /* Recommender */,
				469FA7A217B0D5B300B34DD8 /* RecommenderTests */,
				469FA77717B0D5B300B34DD8 /* Frameworks */,
				469FA77617B0D5B300B34DD8 /* Products */,
				465633AB17C9AE0C007A2E4A /* Storyboard.storyboard */,
				469FA77F17B0D5B300B34DD8 /* Supporting Files */,
			);
			sourceTree = "<group>";
		};
		469FA77617B0D5B300B34DD8 /* Products */ = {
			isa = PBXGroup;
			children = (
				469FA77517B0D5B300B34DD8 /* Recommender.app */,
				469FA79B17B0D5B300B34DD8 /* RecommenderTests.octest */,
			);
			name = Products;
			sourceTree = "<group>";
		};
		469FA77717B0D5B300B34DD8 /* Frameworks */ = {
			isa = PBXGroup;
			children = (
				463E28DC17ED8F5500A50BF8 /* AMapSearchKit.framework */,
				463E28D817ED8E9E00A50BF8 /* libstdc++.6.0.9.dylib */,
				463E28D617ED8E3200A50BF8 /* MAMapKit.framework */,
				4682BDE917E84486000BAE11 /* CoreData.framework */,
				469FA81217B0E41300B34DD8 /* ImageIO.framework */,
				469FA81017B0E40B00B34DD8 /* Security.framework */,
				469FA80E17B0E40100B34DD8 /* CFNetwork.framework */,
				469FA7BD17B0D63700B34DD8 /* QuartzCore.framework */,
				469FA7BB17B0D62F00B34DD8 /* OpenGLES.framework */,
				469FA7B917B0D62700B34DD8 /* CoreLocation.framework */,
				469FA7B717B0D62000B34DD8 /* CoreTelephony.framework */,
				469FA7B517B0D61900B34DD8 /* SystemConfiguration.framework */,
				469FA7B317B0D61200B34DD8 /* libz.dylib */,
				469FA77817B0D5B300B34DD8 /* UIKit.framework */,
				469FA77A17B0D5B300B34DD8 /* Foundation.framework */,
				469FA77C17B0D5B300B34DD8 /* CoreGraphics.framework */,
				469FA79C17B0D5B300B34DD8 /* SenTestingKit.framework */,
			);
			name = Frameworks;
			sourceTree = "<group>";
		};
		469FA77E17B0D5B300B34DD8 /* Recommender */ = {
			isa = PBXGroup;
			children = (
				4672B079182B8CE000CE5AA5 /* Tour Mode */,
				46D0504217ED61BF002B0891 /* Common */,
				467AD3E517E3FFEA001B3C97 /* More */,
				465633AD17C9B136007A2E4A /* Browse Mode */,
				46650B3117D87A03000464B5 /* Plan Mode */,
				4680ACAA17D1E5AE00861866 /* Models */,
				469FA82117B0E65200B34DD8 /* Libraries */,
				469FA78717B0D5B300B34DD8 /* AppDelegate.h */,
				469FA78817B0D5B300B34DD8 /* AppDelegate.mm */,
			);
			path = Recommender;
			sourceTree = "<group>";
		};
		469FA77F17B0D5B300B34DD8 /* Supporting Files */ = {
			isa = PBXGroup;
			children = (
				46712F6017D3278F00516121 /* Recources */,
				469FA78017B0D5B300B34DD8 /* Recommender-Info.plist */,
				469FA78117B0D5B300B34DD8 /* InfoPlist.strings */,
				469FA78417B0D5B300B34DD8 /* main.m */,
				469FA78617B0D5B300B34DD8 /* Recommender-Prefix.pch */,
				469FA78A17B0D5B300B34DD8 /* Default.png */,
				469FA78C17B0D5B300B34DD8 /* Default@2x.png */,
				469FA78E17B0D5B300B34DD8 /* Default-568h@2x.png */,
			);
			name = "Supporting Files";
			path = Recommender;
			sourceTree = "<group>";
		};
		469FA7A217B0D5B300B34DD8 /* RecommenderTests */ = {
			isa = PBXGroup;
			children = (
				469FA7A817B0D5B400B34DD8 /* RecommenderTests.h */,
				469FA7A917B0D5B400B34DD8 /* RecommenderTests.m */,
				469FA7A317B0D5B300B34DD8 /* Supporting Files */,
			);
			path = RecommenderTests;
			sourceTree = "<group>";
		};
		469FA7A317B0D5B300B34DD8 /* Supporting Files */ = {
			isa = PBXGroup;
			children = (
				469FA7A417B0D5B300B34DD8 /* RecommenderTests-Info.plist */,
				469FA7A517B0D5B300B34DD8 /* InfoPlist.strings */,
			);
			name = "Supporting Files";
			sourceTree = "<group>";
		};
		469FA7EC17B0E3E500B34DD8 /* MKNetworkKit */ = {
			isa = PBXGroup;
			children = (
				469FA7ED17B0E3E500B34DD8 /* Categories */,
				469FA7FC17B0E3E500B34DD8 /* MKNetworkEngine.h */,
				469FA7FD17B0E3E500B34DD8 /* MKNetworkEngine.m */,
				469FA7FE17B0E3E500B34DD8 /* MKNetworkKit.h */,
				469FA7FF17B0E3E500B34DD8 /* MKNetworkOperation.h */,
				469FA80017B0E3E500B34DD8 /* MKNetworkOperation.m */,
				469FA80117B0E3E500B34DD8 /* Reachability */,
			);
			path = MKNetworkKit;
			sourceTree = "<group>";
		};
		469FA7ED17B0E3E500B34DD8 /* Categories */ = {
			isa = PBXGroup;
			children = (
				469FA7F017B0E3E500B34DD8 /* NSData+MKBase64.h */,
				469FA7F117B0E3E500B34DD8 /* NSData+MKBase64.m */,
				469FA7F217B0E3E500B34DD8 /* NSDate+RFC1123.h */,
				469FA7F317B0E3E500B34DD8 /* NSDate+RFC1123.m */,
				469FA7F417B0E3E500B34DD8 /* NSDictionary+RequestEncoding.h */,
				469FA7F517B0E3E500B34DD8 /* NSDictionary+RequestEncoding.m */,
				469FA7F617B0E3E500B34DD8 /* NSString+MKNetworkKitAdditions.h */,
				469FA7F717B0E3E500B34DD8 /* NSString+MKNetworkKitAdditions.m */,
				469FA7F817B0E3E500B34DD8 /* UIAlertView+MKNetworkKitAdditions.h */,
				469FA7F917B0E3E500B34DD8 /* UIAlertView+MKNetworkKitAdditions.m */,
				469FA7FA17B0E3E500B34DD8 /* UIImageView+MKNetworkKitAdditions.h */,
				469FA7FB17B0E3E500B34DD8 /* UIImageView+MKNetworkKitAdditions.m */,
			);
			path = Categories;
			sourceTree = "<group>";
		};
		469FA80117B0E3E500B34DD8 /* Reachability */ = {
			isa = PBXGroup;
			children = (
				469FA80217B0E3E500B34DD8 /* Reachability.h */,
				469FA80317B0E3E500B34DD8 /* Reachability.m */,
			);
			path = Reachability;
			sourceTree = "<group>";
		};
		469FA82117B0E65200B34DD8 /* Libraries */ = {
			isa = PBXGroup;
			children = (
				46650B2D17D870D4000464B5 /* MBProgressHUD */,
				469FA7EC17B0E3E500B34DD8 /* MKNetworkKit */,
			);
			name = Libraries;
			sourceTree = "<group>";
		};
		46D0504217ED61BF002B0891 /* Common */ = {
			isa = PBXGroup;
			children = (
				46712F6317D3283100516121 /* ImageCacheCenter.h */,
				46712F6417D3283100516121 /* ImageCacheCenter.m */,
				469FA81417B0E4A700B34DD8 /* DianPingEngine.h */,
				469FA81517B0E4A800B34DD8 /* DianPingEngine.m */,
				469FA82717B0E9CF00B34DD8 /* DianPingAPI.h */,
				469FA82817B0E9CF00B34DD8 /* DianPingAPI.m */,
				46D0504317ED6429002B0891 /* RecommenderDatabase.h */,
				46D0504417ED6429002B0891 /* RecommenderDatabase.m */,
				467F7869181228B300130FBC /* UserManager.h */,
				467F786A181228B300130FBC /* UserManager.m */,
				46A4F60F1829FD620048C4EE /* SimulateAnnealTSP.h */,
				46A4F6101829FD620048C4EE /* SimulateAnnealTSP.mm */,
				4672B05A182B6A4400CE5AA5 /* Utils.h */,
				4672B05B182B6A4400CE5AA5 /* Utils.m */,
				46969432182DE3520097707B /* PoiPair.h */,
				46969433182DE3520097707B /* PoiPair.m */,
			);
			name = Common;
			sourceTree = "<group>";
		};
/* End PBXGroup section */

/* Begin PBXNativeTarget section */
		469FA77417B0D5B300B34DD8 /* Recommender */ = {
			isa = PBXNativeTarget;
			buildConfigurationList = 469FA7AD17B0D5B400B34DD8 /* Build configuration list for PBXNativeTarget "Recommender" */;
			buildPhases = (
				469FA77117B0D5B300B34DD8 /* Sources */,
				469FA77217B0D5B300B34DD8 /* Frameworks */,
				469FA77317B0D5B300B34DD8 /* Resources */,
			);
			buildRules = (
			);
			dependencies = (
			);
			name = Recommender;
			productName = Recommender;
			productReference = 469FA77517B0D5B300B34DD8 /* Recommender.app */;
			productType = "com.apple.product-type.application";
		};
		469FA79A17B0D5B300B34DD8 /* RecommenderTests */ = {
			isa = PBXNativeTarget;
			buildConfigurationList = 469FA7B017B0D5B400B34DD8 /* Build configuration list for PBXNativeTarget "RecommenderTests" */;
			buildPhases = (
				469FA79617B0D5B300B34DD8 /* Sources */,
				469FA79717B0D5B300B34DD8 /* Frameworks */,
				469FA79817B0D5B300B34DD8 /* Resources */,
				469FA79917B0D5B300B34DD8 /* ShellScript */,
			);
			buildRules = (
			);
			dependencies = (
				469FA7A117B0D5B300B34DD8 /* PBXTargetDependency */,
			);
			name = RecommenderTests;
			productName = RecommenderTests;
			productReference = 469FA79B17B0D5B300B34DD8 /* RecommenderTests.octest */;
			productType = "com.apple.product-type.bundle";
		};
/* End PBXNativeTarget section */

/* Begin PBXProject section */
		469FA76D17B0D5B300B34DD8 /* Project object */ = {
			isa = PBXProject;
			attributes = {
				LastUpgradeCheck = 0460;
				ORGANIZATIONNAME = Benson;
			};
			buildConfigurationList = 469FA77017B0D5B300B34DD8 /* Build configuration list for PBXProject "Recommender" */;
			compatibilityVersion = "Xcode 3.2";
			developmentRegion = English;
			hasScannedForEncodings = 0;
			knownRegions = (
				en,
			);
			mainGroup = 469FA76C17B0D5B300B34DD8;
			productRefGroup = 469FA77617B0D5B300B34DD8 /* Products */;
			projectDirPath = "";
			projectRoot = "";
			targets = (
				469FA77417B0D5B300B34DD8 /* Recommender */,
				469FA79A17B0D5B300B34DD8 /* RecommenderTests */,
			);
		};
/* End PBXProject section */

/* Begin PBXResourcesBuildPhase section */
		469FA77317B0D5B300B34DD8 /* Resources */ = {
			isa = PBXResourcesBuildPhase;
			buildActionMask = 2147483647;
			files = (
				466C32F7181529EB00738DA1 /* tablet_icon_menu_default@2x.png in Resources */,
				463E28DB17ED8F0500A50BF8 /* AMap.bundle in Resources */,
				469FA78317B0D5B300B34DD8 /* InfoPlist.strings in Resources */,
				469FA78B17B0D5B300B34DD8 /* Default.png in Resources */,
				469FA78D17B0D5B300B34DD8 /* Default@2x.png in Resources */,
				466853C6182F238C004A1C9A /* dot@2x.png in Resources */,
				469FA78F17B0D5B300B34DD8 /* Default-568h@2x.png in Resources */,
				4693445E17B37F2B00F8090A /* tablet_icon_selected_arrow.png in Resources */,
				4693445F17B37F2B00F8090A /* tablet_icon_selected_arrow@2x.png in Resources */,
				465633AC17C9AE0C007A2E4A /* Storyboard.storyboard in Resources */,
				466853C5182F238C004A1C9A /* dot.png in Resources */,
				466C32F9181529F400738DA1 /* tablet_icon_menu_default.png in Resources */,
				46712F6217D327C700516121 /* PoiDefaultIcon.png in Resources */,
			);
			runOnlyForDeploymentPostprocessing = 0;
		};
		469FA79817B0D5B300B34DD8 /* Resources */ = {
			isa = PBXResourcesBuildPhase;
			buildActionMask = 2147483647;
			files = (
				469FA7A717B0D5B300B34DD8 /* InfoPlist.strings in Resources */,
			);
			runOnlyForDeploymentPostprocessing = 0;
		};
/* End PBXResourcesBuildPhase section */

/* Begin PBXShellScriptBuildPhase section */
		469FA79917B0D5B300B34DD8 /* ShellScript */ = {
			isa = PBXShellScriptBuildPhase;
			buildActionMask = 2147483647;
			files = (
			);
			inputPaths = (
			);
			outputPaths = (
			);
			runOnlyForDeploymentPostprocessing = 0;
			shellPath = /bin/sh;
			shellScript = "# Run the unit tests in this test bundle.\n\"${SYSTEM_DEVELOPER_DIR}/Tools/RunUnitTests\"\n";
		};
/* End PBXShellScriptBuildPhase section */

/* Begin PBXSourcesBuildPhase section */
		469FA77117B0D5B300B34DD8 /* Sources */ = {
			isa = PBXSourcesBuildPhase;
			buildActionMask = 2147483647;
			files = (
				464E7599182CA5750033DF7D /* PlanPlanListViewController.m in Sources */,
				469FA78517B0D5B300B34DD8 /* main.m in Sources */,
				469FA78917B0D5B300B34DD8 /* AppDelegate.mm in Sources */,
				467F789618123EA500130FBC /* BasePlanListViewController.m in Sources */,
				4608591D182CDABF00FB05DD /* TourPlanListViewController.m in Sources */,
				4672B05C182B6A4400CE5AA5 /* Utils.m in Sources */,
				469FA79217B0D5B300B34DD8 /* BrowseMapViewController.m in Sources */,
				467F786B181228B300130FBC /* UserManager.m in Sources */,
				466853CC182F25EB004A1C9A /* UIImage+DPAnnotation.m in Sources */,
				469FA80517B0E3E500B34DD8 /* NSData+MKBase64.m in Sources */,
				463E28D517ED808800A50BF8 /* Deal+DianPing.m in Sources */,
				469FA80617B0E3E500B34DD8 /* NSDate+RFC1123.m in Sources */,
				469FA80717B0E3E500B34DD8 /* NSDictionary+RequestEncoding.m in Sources */,
				469FA80817B0E3E500B34DD8 /* NSString+MKNetworkKitAdditions.m in Sources */,
				469FA80917B0E3E500B34DD8 /* UIAlertView+MKNetworkKitAdditions.m in Sources */,
				469FA80A17B0E3E500B34DD8 /* UIImageView+MKNetworkKitAdditions.m in Sources */,
				4608591A182CD97D00FB05DD /* TourProjectListViewController.m in Sources */,
				464E7593182C8E0D0033DF7D /* BrowsePlanListViewController.m in Sources */,
				467BB2961813BBBA00B23004 /* User.m in Sources */,
				469FA80B17B0E3E500B34DD8 /* MKNetworkEngine.m in Sources */,
				467BB29C1813BBBB00B23004 /* Poi.m in Sources */,
				469FA80C17B0E3E500B34DD8 /* MKNetworkOperation.m in Sources */,
				46F359C617EFFF78000887DB /* InsertCell.m in Sources */,
				469FA80D17B0E3E500B34DD8 /* Reachability.m in Sources */,
				469FA81617B0E4A800B34DD8 /* DianPingEngine.m in Sources */,
				469FA82917B0E9CF00B34DD8 /* DianPingAPI.m in Sources */,
				464E7596182C90B50033DF7D /* BrowsePlanDetialViewController.m in Sources */,
				4693445B17B377E500F8090A /* AnnotationButton.m in Sources */,
				4693446D17B39A4000F8090A /* DPPoiAnnotation.m in Sources */,
				46D0504517ED6429002B0891 /* RecommenderDatabase.m in Sources */,
				46969434182DE3520097707B /* PoiPair.m in Sources */,
				467BB2AE1813C99E00B23004 /* BasePlanDetailViewController.m in Sources */,
				467BB2AB1813BBBB00B23004 /* Region.m in Sources */,
				464E759C182CBDF10033DF7D /* PlanPlanDetailViewController.m in Sources */,
				467BB2A81813BBBB00B23004 /* TravelProject.m in Sources */,
				4680AC5A17D1ACFB00861866 /* BrowseRootViewController.m in Sources */,
				4680AC5D17D1B9F900861866 /* BrowseTableViewController.m in Sources */,
				467F786F18122B9100130FBC /* User+DianPing.m in Sources */,
				464E758D182C81790033DF7D /* BrowseProjectListViewController.m in Sources */,
				467BB29F1813BBBB00B23004 /* Category.m in Sources */,
				4680ACB517D1EB7400861866 /* PoiStream.m in Sources */,
				46712F5817D30F1400516121 /* BrowsePoiCell.m in Sources */,
				46712F6517D3283100516121 /* ImageCacheCenter.m in Sources */,
				467BB2A51813BBBB00B23004 /* Deal.m in Sources */,
				46085920182CDCCC00FB05DD /* TourPlanDetailViewController.m in Sources */,
				46650B2017D869AE000464B5 /* BrowseWebViewController.m in Sources */,
				4672B07C182B954700CE5AA5 /* TourMapViewController.mm in Sources */,
				46650B3017D870EA000464B5 /* MBProgressHUD.m in Sources */,
				46650B3417D87FB8000464B5 /* BaseProjectListViewController.m in Sources */,
				46A4F6111829FD620048C4EE /* SimulateAnnealTSP.mm in Sources */,
				464E7590182C81930033DF7D /* PlanProjectListViewController.m in Sources */,
				467BB2A21813BBBB00B23004 /* Transportation.m in Sources */,
				463E28D217ED7EE200A50BF8 /* Region+DianPing.m in Sources */,
				467AD3E817E4000C001B3C97 /* MoreListViewController.m in Sources */,
				466A269517E57AE200F7AFB1 /* Model.xcdatamodeld in Sources */,
				463E28CF17ED7BC200A50BF8 /* Category+DianPing.m in Sources */,
				467BB2991813BBBB00B23004 /* TravelPlan.m in Sources */,
				4682BD7C17E83911000BAE11 /* Poi+DianPing.m in Sources */,
			);
			runOnlyForDeploymentPostprocessing = 0;
		};
		469FA79617B0D5B300B34DD8 /* Sources */ = {
			isa = PBXSourcesBuildPhase;
			buildActionMask = 2147483647;
			files = (
				469FA7AA17B0D5B400B34DD8 /* RecommenderTests.m in Sources */,
			);
			runOnlyForDeploymentPostprocessing = 0;
		};
/* End PBXSourcesBuildPhase section */

/* Begin PBXTargetDependency section */
		469FA7A117B0D5B300B34DD8 /* PBXTargetDependency */ = {
			isa = PBXTargetDependency;
			target = 469FA77417B0D5B300B34DD8 /* Recommender */;
			targetProxy = 469FA7A017B0D5B300B34DD8 /* PBXContainerItemProxy */;
		};
/* End PBXTargetDependency section */

/* Begin PBXVariantGroup section */
		469FA78117B0D5B300B34DD8 /* InfoPlist.strings */ = {
			isa = PBXVariantGroup;
			children = (
				469FA78217B0D5B300B34DD8 /* en */,
			);
			name = InfoPlist.strings;
			sourceTree = "<group>";
		};
		469FA7A517B0D5B300B34DD8 /* InfoPlist.strings */ = {
			isa = PBXVariantGroup;
			children = (
				469FA7A617B0D5B300B34DD8 /* en */,
			);
			name = InfoPlist.strings;
			sourceTree = "<group>";
		};
/* End PBXVariantGroup section */

/* Begin XCBuildConfiguration section */
		469FA7AB17B0D5B400B34DD8 /* Debug */ = {
			isa = XCBuildConfiguration;
			buildSettings = {
				ALWAYS_SEARCH_USER_PATHS = NO;
				CLANG_CXX_LANGUAGE_STANDARD = "gnu++0x";
				CLANG_CXX_LIBRARY = "libc++";
				CLANG_ENABLE_OBJC_ARC = YES;
				CLANG_WARN_CONSTANT_CONVERSION = YES;
				CLANG_WARN_EMPTY_BODY = YES;
				CLANG_WARN_ENUM_CONVERSION = YES;
				CLANG_WARN_INT_CONVERSION = YES;
				CLANG_WARN__DUPLICATE_METHOD_MATCH = YES;
				"CODE_SIGN_IDENTITY[sdk=iphoneos*]" = "iPhone Developer";
				COPY_PHASE_STRIP = NO;
				GCC_C_LANGUAGE_STANDARD = gnu99;
				GCC_DYNAMIC_NO_PIC = NO;
				GCC_OPTIMIZATION_LEVEL = 0;
				GCC_PREPROCESSOR_DEFINITIONS = (
					"DEBUG=1",
					"$(inherited)",
				);
				GCC_SYMBOLS_PRIVATE_EXTERN = NO;
				GCC_WARN_ABOUT_RETURN_TYPE = YES;
				GCC_WARN_UNINITIALIZED_AUTOS = YES;
				GCC_WARN_UNUSED_VARIABLE = YES;
				IPHONEOS_DEPLOYMENT_TARGET = 6.0;
				ONLY_ACTIVE_ARCH = YES;
				SDKROOT = iphoneos;
			};
			name = Debug;
		};
		469FA7AC17B0D5B400B34DD8 /* Release */ = {
			isa = XCBuildConfiguration;
			buildSettings = {
				ALWAYS_SEARCH_USER_PATHS = NO;
				CLANG_CXX_LANGUAGE_STANDARD = "gnu++0x";
				CLANG_CXX_LIBRARY = "libc++";
				CLANG_ENABLE_OBJC_ARC = YES;
				CLANG_WARN_CONSTANT_CONVERSION = YES;
				CLANG_WARN_EMPTY_BODY = YES;
				CLANG_WARN_ENUM_CONVERSION = YES;
				CLANG_WARN_INT_CONVERSION = YES;
				CLANG_WARN__DUPLICATE_METHOD_MATCH = YES;
				"CODE_SIGN_IDENTITY[sdk=iphoneos*]" = "iPhone Developer";
				COPY_PHASE_STRIP = YES;
				GCC_C_LANGUAGE_STANDARD = gnu99;
				GCC_WARN_ABOUT_RETURN_TYPE = YES;
				GCC_WARN_UNINITIALIZED_AUTOS = YES;
				GCC_WARN_UNUSED_VARIABLE = YES;
				IPHONEOS_DEPLOYMENT_TARGET = 6.0;
				OTHER_CFLAGS = "-DNS_BLOCK_ASSERTIONS=1";
				SDKROOT = iphoneos;
				VALIDATE_PRODUCT = YES;
			};
			name = Release;
		};
		469FA7AE17B0D5B400B34DD8 /* Debug */ = {
			isa = XCBuildConfiguration;
			buildSettings = {
				CLANG_CXX_LIBRARY = "compiler-default";
				FRAMEWORK_SEARCH_PATHS = (
					"$(inherited)",
					"\\\"$(SYSTEM_APPS_DIR)/Reveal.app/Contents/SharedSupport/iOS-Libraries\\\"",
					"/Users/benson/Development/Graduation-project/AMap_iOS_API_Lib_V2.1/3D",
					"/Users/benson/Development/Graduation-project/AMap_iOS_API_Lib_V2.1/Search",
				);
				GCC_PRECOMPILE_PREFIX_HEADER = YES;
				GCC_PREFIX_HEADER = "Recommender/Recommender-Prefix.pch";
				INFOPLIST_FILE = "Recommender/Recommender-Info.plist";
				LIBRARY_SEARCH_PATHS = "$(inherited)";
				OTHER_LDFLAGS = "-ObjC";
				PRODUCT_NAME = "$(TARGET_NAME)";
				WRAPPER_EXTENSION = app;
			};
			name = Debug;
		};
		469FA7AF17B0D5B400B34DD8 /* Release */ = {
			isa = XCBuildConfiguration;
			buildSettings = {
				CLANG_CXX_LIBRARY = "compiler-default";
				FRAMEWORK_SEARCH_PATHS = (
					"$(inherited)",
					"\\\"$(SYSTEM_APPS_DIR)/Reveal.app/Contents/SharedSupport/iOS-Libraries\\\"",
					"/Users/benson/Development/Graduation-project/AMap_iOS_API_Lib_V2.1/3D",
					"/Users/benson/Development/Graduation-project/AMap_iOS_API_Lib_V2.1/Search",
				);
				GCC_PRECOMPILE_PREFIX_HEADER = YES;
				GCC_PREFIX_HEADER = "Recommender/Recommender-Prefix.pch";
				INFOPLIST_FILE = "Recommender/Recommender-Info.plist";
				LIBRARY_SEARCH_PATHS = "$(inherited)";
				OTHER_LDFLAGS = "-ObjC";
				PRODUCT_NAME = "$(TARGET_NAME)";
				WRAPPER_EXTENSION = app;
			};
			name = Release;
		};
		469FA7B117B0D5B400B34DD8 /* Debug */ = {
			isa = XCBuildConfiguration;
			buildSettings = {
				BUNDLE_LOADER = "$(BUILT_PRODUCTS_DIR)/Recommender.app/Recommender";
				FRAMEWORK_SEARCH_PATHS = (
					"\"$(SDKROOT)/Developer/Library/Frameworks\"",
					"\"$(DEVELOPER_LIBRARY_DIR)/Frameworks\"",
				);
				GCC_PRECOMPILE_PREFIX_HEADER = YES;
				GCC_PREFIX_HEADER = "Recommender/Recommender-Prefix.pch";
				INFOPLIST_FILE = "RecommenderTests/RecommenderTests-Info.plist";
				PRODUCT_NAME = "$(TARGET_NAME)";
				TEST_HOST = "$(BUNDLE_LOADER)";
				WRAPPER_EXTENSION = octest;
			};
			name = Debug;
		};
		469FA7B217B0D5B400B34DD8 /* Release */ = {
			isa = XCBuildConfiguration;
			buildSettings = {
				BUNDLE_LOADER = "$(BUILT_PRODUCTS_DIR)/Recommender.app/Recommender";
				FRAMEWORK_SEARCH_PATHS = (
					"\"$(SDKROOT)/Developer/Library/Frameworks\"",
					"\"$(DEVELOPER_LIBRARY_DIR)/Frameworks\"",
				);
				GCC_PRECOMPILE_PREFIX_HEADER = YES;
				GCC_PREFIX_HEADER = "Recommender/Recommender-Prefix.pch";
				INFOPLIST_FILE = "RecommenderTests/RecommenderTests-Info.plist";
				PRODUCT_NAME = "$(TARGET_NAME)";
				TEST_HOST = "$(BUNDLE_LOADER)";
				WRAPPER_EXTENSION = octest;
			};
			name = Release;
		};
/* End XCBuildConfiguration section */

/* Begin XCConfigurationList section */
		469FA77017B0D5B300B34DD8 /* Build configuration list for PBXProject "Recommender" */ = {
			isa = XCConfigurationList;
			buildConfigurations = (
				469FA7AB17B0D5B400B34DD8 /* Debug */,
				469FA7AC17B0D5B400B34DD8 /* Release */,
			);
			defaultConfigurationIsVisible = 0;
			defaultConfigurationName = Release;
		};
		469FA7AD17B0D5B400B34DD8 /* Build configuration list for PBXNativeTarget "Recommender" */ = {
			isa = XCConfigurationList;
			buildConfigurations = (
				469FA7AE17B0D5B400B34DD8 /* Debug */,
				469FA7AF17B0D5B400B34DD8 /* Release */,
			);
			defaultConfigurationIsVisible = 0;
			defaultConfigurationName = Release;
		};
		469FA7B017B0D5B400B34DD8 /* Build configuration list for PBXNativeTarget "RecommenderTests" */ = {
			isa = XCConfigurationList;
			buildConfigurations = (
				469FA7B117B0D5B400B34DD8 /* Debug */,
				469FA7B217B0D5B400B34DD8 /* Release */,
			);
			defaultConfigurationIsVisible = 0;
			defaultConfigurationName = Release;
		};
/* End XCConfigurationList section */

/* Begin XCVersionGroup section */
		466A269317E57AE200F7AFB1 /* Model.xcdatamodeld */ = {
			isa = XCVersionGroup;
			children = (
				466A269417E57AE200F7AFB1 /* Model.xcdatamodel */,
			);
			currentVersion = 466A269417E57AE200F7AFB1 /* Model.xcdatamodel */;
			path = Model.xcdatamodeld;
			sourceTree = "<group>";
			versionGroupType = wrapper.xcdatamodel;
		};
/* End XCVersionGroup section */
	};
	rootObject = 469FA76D17B0D5B300B34DD8 /* Project object */;
}
